
Microsoft Visual Studio Solution File, Format Version 12.00
# Visual Studio 2013
VisualStudioVersion = 12.0.21005.1
MinimumVisualStudioVersion = 10.0.40219.1
Project("{FAE04EC0-301F-11D3-BF4B-00C04F79EFBC}") = "vdmNegocio", "vdmNegocio\vdmNegocio.csproj", "{1076720F-15B1-4864-8669-F85E995E9C5B}"
EndProject
Project("{FAE04EC0-301F-11D3-BF4B-00C04F79EFBC}") = "vdmVendedor", "vdmVendedor\vdmVendedor.csproj", "{2F941819-BCAB-47EB-801E-242DD0496ADE}"
EndProject
Project("{FAE04EC0-301F-11D3-BF4B-00C04F79EFBC}") = "vdmAdmin", "vdmAdmin\vdmAdmin.csproj", "{6B8819DA-29B2-4BF3-A0B7-BA611C7EB52A}"
EndProject
Global
	GlobalSection(SolutionConfigurationPlatforms) = preSolution
		Debug|Any CPU = Debug|Any CPU
		Release|Any CPU = Release|Any CPU
	EndGlobalSection
	GlobalSection(ProjectConfigurationPlatforms) = postSolution
		{1076720F-15B1-4864-8669-F85E995E9C5B}.Debug|Any CPU.ActiveCfg = Debug|Any CPU
		{1076720F-15B1-4864-8669-F85E995E9C5B}.Debug|Any CPU.Build.0 = Debug|Any CPU
		{1076720F-15B1-4864-8669-F85E995E9C5B}.Release|Any CPU.ActiveCfg = Release|Any CPU
		{1076720F-15B1-4864-8669-F85E995E9C5B}.Release|Any CPU.Build.0 = Release|Any CPU
		{2F941819-BCAB-47EB-801E-242DD0496ADE}.Debug|Any CPU.ActiveCfg = Debug|Any CPU
		{2F941819-BCAB-47EB-801E-242DD0496ADE}.Debug|Any CPU.Build.0 = Debug|Any CPU
		{2F941819-BCAB-47EB-801E-242DD0496ADE}.Release|Any CPU.ActiveCfg = Release|Any CPU
		{2F941819-BCAB-47EB-801E-242DD0496ADE}.Release|Any CPU.Build.0 = Release|Any CPU
		{6B8819DA-29B2-4BF3-A0B7-BA611C7EB52A}.Debug|Any CPU.ActiveCfg = Debug|Any CPU
		{6B8819DA-29B2-4BF3-A0B7-BA611C7EB52A}.Debug|Any CPU.Build.0 = Debug|Any CPU
		{6B8819DA-29B2-4BF3-A0B7-BA611C7EB52A}.Release|Any CPU.ActiveCfg = Release|Any CPU
		{6B8819DA-29B2-4BF3-A0B7-BA611C7EB52A}.Release|Any CPU.Build.0 = Release|Any CPU
	EndGlobalSection
	GlobalSection(SolutionProperties) = preSolution
		HideSolutionNode = FALSE
	EndGlobalSection
EndGlobal
