
Microsoft Visual Studio Solution File, Format Version 12.00
# Visual Studio 2013
VisualStudioVersion = 12.0.21005.1
MinimumVisualStudioVersion = 10.0.40219.1
Project("{FAE04EC0-301F-11D3-BF4B-00C04F79EFBC}") = "vdmDesktop", "vdmDesktop\vdmDesktop.csproj", "{095D1466-BF11-4D9D-9027-F98CC6D0C097}"
EndProject
Project("{FAE04EC0-301F-11D3-BF4B-00C04F79EFBC}") = "vdmWeb", "vdmWeb\vdmWeb.csproj", "{CD240B46-0A58-4F12-A74E-1CD043F2BB8B}"
EndProject
Project("{FAE04EC0-301F-11D3-BF4B-00C04F79EFBC}") = "vdmNegocio", "vdmNegocio\vdmNegocio.csproj", "{1076720F-15B1-4864-8669-F85E995E9C5B}"
EndProject
Project("{FAE04EC0-301F-11D3-BF4B-00C04F79EFBC}") = "vdmVendedor", "vdmVendedor\vdmVendedor.csproj", "{2F941819-BCAB-47EB-801E-242DD0496ADE}"
EndProject
Global
	GlobalSection(SolutionConfigurationPlatforms) = preSolution
		Debug|Any CPU = Debug|Any CPU
		Release|Any CPU = Release|Any CPU
	EndGlobalSection
	GlobalSection(ProjectConfigurationPlatforms) = postSolution
		{095D1466-BF11-4D9D-9027-F98CC6D0C097}.Debug|Any CPU.ActiveCfg = Debug|Any CPU
		{095D1466-BF11-4D9D-9027-F98CC6D0C097}.Debug|Any CPU.Build.0 = Debug|Any CPU
		{095D1466-BF11-4D9D-9027-F98CC6D0C097}.Release|Any CPU.ActiveCfg = Release|Any CPU
		{095D1466-BF11-4D9D-9027-F98CC6D0C097}.Release|Any CPU.Build.0 = Release|Any CPU
		{CD240B46-0A58-4F12-A74E-1CD043F2BB8B}.Debug|Any CPU.ActiveCfg = Debug|Any CPU
		{CD240B46-0A58-4F12-A74E-1CD043F2BB8B}.Debug|Any CPU.Build.0 = Debug|Any CPU
		{CD240B46-0A58-4F12-A74E-1CD043F2BB8B}.Release|Any CPU.ActiveCfg = Release|Any CPU
		{CD240B46-0A58-4F12-A74E-1CD043F2BB8B}.Release|Any CPU.Build.0 = Release|Any CPU
		{1076720F-15B1-4864-8669-F85E995E9C5B}.Debug|Any CPU.ActiveCfg = Debug|Any CPU
		{1076720F-15B1-4864-8669-F85E995E9C5B}.Debug|Any CPU.Build.0 = Debug|Any CPU
		{1076720F-15B1-4864-8669-F85E995E9C5B}.Release|Any CPU.ActiveCfg = Release|Any CPU
		{1076720F-15B1-4864-8669-F85E995E9C5B}.Release|Any CPU.Build.0 = Release|Any CPU
		{2F941819-BCAB-47EB-801E-242DD0496ADE}.Debug|Any CPU.ActiveCfg = Debug|Any CPU
		{2F941819-BCAB-47EB-801E-242DD0496ADE}.Debug|Any CPU.Build.0 = Debug|Any CPU
		{2F941819-BCAB-47EB-801E-242DD0496ADE}.Release|Any CPU.ActiveCfg = Release|Any CPU
		{2F941819-BCAB-47EB-801E-242DD0496ADE}.Release|Any CPU.Build.0 = Release|Any CPU
	EndGlobalSection
	GlobalSection(SolutionProperties) = preSolution
		HideSolutionNode = FALSE
	EndGlobalSection
EndGlobal
